
Microsoft Visual Studio Solution File, Format Version 12.00
# Visual Studio 15
VisualStudioVersion = 15.0.28307.852
MinimumVisualStudioVersion = 10.0.40219.1
Project("{FAE04EC0-301F-11D3-BF4B-00C04F79EFBC}") = "Bricks", "Bricks\Bricks.csproj", "{7EA6E3F0-15B8-48AE-B84F-12CDD9E87B51}"
EndProject
Project("{FAE04EC0-301F-11D3-BF4B-00C04F79EFBC}") = "PointOnSegment", "PointOnSegment\PointOnSegment.csproj", "{521599F0-D1C6-44BF-A3F8-5F18D6142FE0}"
EndProject
Project("{FAE04EC0-301F-11D3-BF4B-00C04F79EFBC}") = "PointInFigure", "PointInFigure\PointInFigure.csproj", "{DF391ADD-78A4-4AEB-87DF-5286E9B9596D}"
EndProject
Project("{FAE04EC0-301F-11D3-BF4B-00C04F79EFBC}") = "DateAfterFiveDays", "DateAfterFiveDays\DateAfterFiveDays.csproj", "{8F1C6CCD-675C-4022-BF8D-0C0B65454F7E}"
EndProject
Project("{FAE04EC0-301F-11D3-BF4B-00C04F79EFBC}") = "SumOfThreeNumbers", "SumOfThreeNumbers\SumOfThreeNumbers.csproj", "{5EBA9F84-6607-4387-813A-7AAE32B13FA1}"
EndProject
Project("{FAE04EC0-301F-11D3-BF4B-00C04F79EFBC}") = "SumStepThree", "SumStepThree\SumStepThree.csproj", "{3B77774F-67C0-4882-85CC-4BD849D37B19}"
EndProject
Project("{FAE04EC0-301F-11D3-BF4B-00C04F79EFBC}") = "IncreasingElements", "IncreasingElements\IncreasingElements.csproj", "{F7FC4D42-7885-4721-8FF6-CDF44FB4DBC2}"
EndProject
Project("{FAE04EC0-301F-11D3-BF4B-00C04F79EFBC}") = "Combination", "Combination\Combination.csproj", "{434A2691-02AE-4496-87AC-A782583D1437}"
EndProject
Project("{FAE04EC0-301F-11D3-BF4B-00C04F79EFBC}") = "RectangleGenerator", "RectangleGenerator\RectangleGenerator.csproj", "{37531606-9547-4FA5-A109-42D31F6DDA01}"
EndProject
Project("{FAE04EC0-301F-11D3-BF4B-00C04F79EFBC}") = "Distance", "Distance\Distance.csproj", "{198B6FC1-EDA4-474B-BA87-2DF3DFFD20A2}"
EndProject
Project("{FAE04EC0-301F-11D3-BF4B-00C04F79EFBC}") = "CompundInterest", "CompundInterest\CompundInterest.csproj", "{E82BBF14-97C9-4982-B2D7-74629B9C89E4}"
EndProject
Project("{FAE04EC0-301F-11D3-BF4B-00C04F79EFBC}") = "PetarsGame", "PetarsGame\PetarsGame.csproj", "{6D7B3359-3BA1-4EF0-A90A-B52BF47CD70B}"
EndProject
Project("{FAE04EC0-301F-11D3-BF4B-00C04F79EFBC}") = "SunLight", "SunLight\SunLight.csproj", "{BEF462D4-B894-413C-9167-A199B370ABD3}"
EndProject
Project("{FAE04EC0-301F-11D3-BF4B-00C04F79EFBC}") = "EncryptMessages", "EncryptMessages\EncryptMessages.csproj", "{04587796-B29C-4723-AAD2-DB45E4392C47}"
EndProject
Global
	GlobalSection(SolutionConfigurationPlatforms) = preSolution
		Debug|Any CPU = Debug|Any CPU
		Release|Any CPU = Release|Any CPU
	EndGlobalSection
	GlobalSection(ProjectConfigurationPlatforms) = postSolution
		{7EA6E3F0-15B8-48AE-B84F-12CDD9E87B51}.Debug|Any CPU.ActiveCfg = Debug|Any CPU
		{7EA6E3F0-15B8-48AE-B84F-12CDD9E87B51}.Debug|Any CPU.Build.0 = Debug|Any CPU
		{7EA6E3F0-15B8-48AE-B84F-12CDD9E87B51}.Release|Any CPU.ActiveCfg = Release|Any CPU
		{7EA6E3F0-15B8-48AE-B84F-12CDD9E87B51}.Release|Any CPU.Build.0 = Release|Any CPU
		{521599F0-D1C6-44BF-A3F8-5F18D6142FE0}.Debug|Any CPU.ActiveCfg = Debug|Any CPU
		{521599F0-D1C6-44BF-A3F8-5F18D6142FE0}.Debug|Any CPU.Build.0 = Debug|Any CPU
		{521599F0-D1C6-44BF-A3F8-5F18D6142FE0}.Release|Any CPU.ActiveCfg = Release|Any CPU
		{521599F0-D1C6-44BF-A3F8-5F18D6142FE0}.Release|Any CPU.Build.0 = Release|Any CPU
		{DF391ADD-78A4-4AEB-87DF-5286E9B9596D}.Debug|Any CPU.ActiveCfg = Debug|Any CPU
		{DF391ADD-78A4-4AEB-87DF-5286E9B9596D}.Debug|Any CPU.Build.0 = Debug|Any CPU
		{DF391ADD-78A4-4AEB-87DF-5286E9B9596D}.Release|Any CPU.ActiveCfg = Release|Any CPU
		{DF391ADD-78A4-4AEB-87DF-5286E9B9596D}.Release|Any CPU.Build.0 = Release|Any CPU
		{8F1C6CCD-675C-4022-BF8D-0C0B65454F7E}.Debug|Any CPU.ActiveCfg = Debug|Any CPU
		{8F1C6CCD-675C-4022-BF8D-0C0B65454F7E}.Debug|Any CPU.Build.0 = Debug|Any CPU
		{8F1C6CCD-675C-4022-BF8D-0C0B65454F7E}.Release|Any CPU.ActiveCfg = Release|Any CPU
		{8F1C6CCD-675C-4022-BF8D-0C0B65454F7E}.Release|Any CPU.Build.0 = Release|Any CPU
		{5EBA9F84-6607-4387-813A-7AAE32B13FA1}.Debug|Any CPU.ActiveCfg = Debug|Any CPU
		{5EBA9F84-6607-4387-813A-7AAE32B13FA1}.Debug|Any CPU.Build.0 = Debug|Any CPU
		{5EBA9F84-6607-4387-813A-7AAE32B13FA1}.Release|Any CPU.ActiveCfg = Release|Any CPU
		{5EBA9F84-6607-4387-813A-7AAE32B13FA1}.Release|Any CPU.Build.0 = Release|Any CPU
		{3B77774F-67C0-4882-85CC-4BD849D37B19}.Debug|Any CPU.ActiveCfg = Debug|Any CPU
		{3B77774F-67C0-4882-85CC-4BD849D37B19}.Debug|Any CPU.Build.0 = Debug|Any CPU
		{3B77774F-67C0-4882-85CC-4BD849D37B19}.Release|Any CPU.ActiveCfg = Release|Any CPU
		{3B77774F-67C0-4882-85CC-4BD849D37B19}.Release|Any CPU.Build.0 = Release|Any CPU
		{F7FC4D42-7885-4721-8FF6-CDF44FB4DBC2}.Debug|Any CPU.ActiveCfg = Debug|Any CPU
		{F7FC4D42-7885-4721-8FF6-CDF44FB4DBC2}.Debug|Any CPU.Build.0 = Debug|Any CPU
		{F7FC4D42-7885-4721-8FF6-CDF44FB4DBC2}.Release|Any CPU.ActiveCfg = Release|Any CPU
		{F7FC4D42-7885-4721-8FF6-CDF44FB4DBC2}.Release|Any CPU.Build.0 = Release|Any CPU
		{434A2691-02AE-4496-87AC-A782583D1437}.Debug|Any CPU.ActiveCfg = Debug|Any CPU
		{434A2691-02AE-4496-87AC-A782583D1437}.Debug|Any CPU.Build.0 = Debug|Any CPU
		{434A2691-02AE-4496-87AC-A782583D1437}.Release|Any CPU.ActiveCfg = Release|Any CPU
		{434A2691-02AE-4496-87AC-A782583D1437}.Release|Any CPU.Build.0 = Release|Any CPU
		{37531606-9547-4FA5-A109-42D31F6DDA01}.Debug|Any CPU.ActiveCfg = Debug|Any CPU
		{37531606-9547-4FA5-A109-42D31F6DDA01}.Debug|Any CPU.Build.0 = Debug|Any CPU
		{37531606-9547-4FA5-A109-42D31F6DDA01}.Release|Any CPU.ActiveCfg = Release|Any CPU
		{37531606-9547-4FA5-A109-42D31F6DDA01}.Release|Any CPU.Build.0 = Release|Any CPU
		{198B6FC1-EDA4-474B-BA87-2DF3DFFD20A2}.Debug|Any CPU.ActiveCfg = Debug|Any CPU
		{198B6FC1-EDA4-474B-BA87-2DF3DFFD20A2}.Debug|Any CPU.Build.0 = Debug|Any CPU
		{198B6FC1-EDA4-474B-BA87-2DF3DFFD20A2}.Release|Any CPU.ActiveCfg = Release|Any CPU
		{198B6FC1-EDA4-474B-BA87-2DF3DFFD20A2}.Release|Any CPU.Build.0 = Release|Any CPU
		{E82BBF14-97C9-4982-B2D7-74629B9C89E4}.Debug|Any CPU.ActiveCfg = Debug|Any CPU
		{E82BBF14-97C9-4982-B2D7-74629B9C89E4}.Debug|Any CPU.Build.0 = Debug|Any CPU
		{E82BBF14-97C9-4982-B2D7-74629B9C89E4}.Release|Any CPU.ActiveCfg = Release|Any CPU
		{E82BBF14-97C9-4982-B2D7-74629B9C89E4}.Release|Any CPU.Build.0 = Release|Any CPU
		{6D7B3359-3BA1-4EF0-A90A-B52BF47CD70B}.Debug|Any CPU.ActiveCfg = Debug|Any CPU
		{6D7B3359-3BA1-4EF0-A90A-B52BF47CD70B}.Debug|Any CPU.Build.0 = Debug|Any CPU
		{6D7B3359-3BA1-4EF0-A90A-B52BF47CD70B}.Release|Any CPU.ActiveCfg = Release|Any CPU
		{6D7B3359-3BA1-4EF0-A90A-B52BF47CD70B}.Release|Any CPU.Build.0 = Release|Any CPU
		{BEF462D4-B894-413C-9167-A199B370ABD3}.Debug|Any CPU.ActiveCfg = Debug|Any CPU
		{BEF462D4-B894-413C-9167-A199B370ABD3}.Debug|Any CPU.Build.0 = Debug|Any CPU
		{BEF462D4-B894-413C-9167-A199B370ABD3}.Release|Any CPU.ActiveCfg = Release|Any CPU
		{BEF462D4-B894-413C-9167-A199B370ABD3}.Release|Any CPU.Build.0 = Release|Any CPU
		{04587796-B29C-4723-AAD2-DB45E4392C47}.Debug|Any CPU.ActiveCfg = Debug|Any CPU
		{04587796-B29C-4723-AAD2-DB45E4392C47}.Debug|Any CPU.Build.0 = Debug|Any CPU
		{04587796-B29C-4723-AAD2-DB45E4392C47}.Release|Any CPU.ActiveCfg = Release|Any CPU
		{04587796-B29C-4723-AAD2-DB45E4392C47}.Release|Any CPU.Build.0 = Release|Any CPU
	EndGlobalSection
	GlobalSection(SolutionProperties) = preSolution
		HideSolutionNode = FALSE
	EndGlobalSection
	GlobalSection(ExtensibilityGlobals) = postSolution
		SolutionGuid = {0651315D-DA0D-40AA-AD5D-F339250B67CE}
	EndGlobalSection
EndGlobal
